version = 1
requires-python = ">=3.12"

[[package]]
name = "f"
version = "0.0.0"
source = { git = "https://github.com/f-utils/f#1a89f72b81861a800534beb48183beb5af336b5e" }

[[package]]
name = "f-core"
version = "0.0.0"
source = { virtual = "." }
dependencies = [
    { name = "f" },
]

[package.metadata]
requires-dist = [{ name = "f", git = "https://github.com/f-utils/f" }]
